<?xml version="1.0" encoding="utf-8"?>
<Project ToolsVersion="4.0" xmlns="http://schemas.microsoft.com/developer/msbuild/2003">
  <ItemGroup>
    <Filter Include="Исходные файлы">
      <UniqueIdentifier>{4FC737F1-C7A5-4376-A066-2A32D752A2FF}</UniqueIdentifier>
      <Extensions>cpp;c;cc;cxx;def;odl;idl;hpj;bat;asm;asmx</Extensions>
    </Filter>
    <Filter Include="Файлы заголовков">
      <UniqueIdentifier>{93995380-89BD-4b04-88EB-625FBE52EBFB}</UniqueIdentifier>
      <Extensions>h;hh;hpp;hxx;hm;inl;inc;ipp;xsd</Extensions>
    </Filter>
    <Filter Include="Файлы ресурсов">
      <UniqueIdentifier>{67DA6AB6-F800-4c08-8B7A-83BB121AAD01}</UniqueIdentifier>
      <Extensions>rc;ico;cur;bmp;dlg;rc2;rct;bin;rgs;gif;jpg;jpeg;jpe;resx;tiff;tif;png;wav;mfcribbon-ms</Extensions>
    </Filter>
  </ItemGroup>
  <ItemGroup>
    <ClCompile Include="Components\CAnimationComponent.cpp">
      <Filter>Исходные файлы</Filter>
    </ClCompile>
    <ClCompile Include="Components\CCameraComponent.cpp">
      <Filter>Исходные файлы</Filter>
    </ClCompile>
    <ClCompile Include="Components\CMovementComponent.cpp">
      <Filter>Исходные файлы</Filter>
    </ClCompile>
    <ClCompile Include="Core\CGame.cpp">
      <Filter>Исходные файлы</Filter>
    </ClCompile>
    <ClCompile Include="Core\Main.cpp">
      <Filter>Исходные файлы</Filter>
    </ClCompile>
    <ClCompile Include="Helpers\CVectorHelper.cpp">
      <Filter>Исходные файлы</Filter>
    </ClCompile>
    <ClCompile Include="Systems\CCameraSystem.cpp">
      <Filter>Исходные файлы</Filter>
    </ClCompile>
    <ClCompile Include="Systems\CCursorSystem.cpp">
      <Filter>Исходные файлы</Filter>
    </ClCompile>
    <ClCompile Include="Helpers\CAssetsHelper.cpp">
      <Filter>Исходные файлы</Filter>
    </ClCompile>
    <ClCompile Include="Enums\GameStates.cpp">
      <Filter>Исходные файлы</Filter>
    </ClCompile>
    <ClCompile Include="Systems\CCollisionSystem.cpp">
      <Filter>Исходные файлы</Filter>
    </ClCompile>
    <ClCompile Include="Components\CCollisionComponent.cpp">
      <Filter>Исходные файлы</Filter>
    </ClCompile>
    <ClCompile Include="Events\CCollisionEvent.cpp">
      <Filter>Исходные файлы</Filter>
    </ClCompile>
    <ClCompile Include="Components\CPlayerComponent.cpp">
      <Filter>Исходные файлы</Filter>
    </ClCompile>
    <ClCompile Include="Systems\CPlayerMovementSystem.cpp">
      <Filter>Исходные файлы</Filter>
    </ClCompile>
    <ClCompile Include="Systems\CRenderingSystem.cpp">
      <Filter>Исходные файлы</Filter>
    </ClCompile>
    <ClCompile Include="Components\CRenderingComponent.cpp">
      <Filter>Исходные файлы</Filter>
    </ClCompile>
    <ClCompile Include="Components\CInputComponent.cpp">
      <Filter>Исходные файлы</Filter>
    </ClCompile>
    <ClCompile Include="Components\CRotationComponent.cpp">
      <Filter>Исходные файлы</Filter>
    </ClCompile>
    <ClCompile Include="Systems\CPlayerRotationSystem.cpp">
      <Filter>Исходные файлы</Filter>
    </ClCompile>
    <ClCompile Include="Systems\CPlayerInputSystem.cpp">
      <Filter>Исходные файлы</Filter>
    </ClCompile>
    <ClCompile Include="Systems\CPlayerEndpointMarkerSystem.cpp">
      <Filter>Исходные файлы</Filter>
    </ClCompile>
    <ClCompile Include="Events\CMouseInputEvent.cpp">
      <Filter>Исходные файлы</Filter>
    </ClCompile>
    <ClCompile Include="Components\CEndpointMarkerComponent.cpp">
      <Filter>Исходные файлы</Filter>
    </ClCompile>
    <ClCompile Include="Systems\CMeteoriteSystem.cpp">
      <Filter>Исходные файлы</Filter>
    </ClCompile>
    <ClCompile Include="Components\CMeteoriteComponent.cpp">
      <Filter>Исходные файлы</Filter>
    </ClCompile>
    <ClCompile Include="Components\CCircleBorderComponent.cpp">
      <Filter>Исходные файлы</Filter>
    </ClCompile>
    <ClCompile Include="Systems\CCircleBorderRenderingSystem.cpp">
      <Filter>Исходные файлы</Filter>
    </ClCompile>
    <ClCompile Include="Components\CEnemyComponent.cpp">
      <Filter>Исходные файлы</Filter>
    </ClCompile>
  </ItemGroup>
  <ItemGroup>
    <ClInclude Include="Components\CAnimationComponent.h">
      <Filter>Файлы заголовков</Filter>
    </ClInclude>
    <ClInclude Include="Components\CCameraComponent.h">
      <Filter>Файлы заголовков</Filter>
    </ClInclude>
    <ClInclude Include="Components\CMovementComponent.h">
      <Filter>Файлы заголовков</Filter>
    </ClInclude>
    <ClInclude Include="Core\CGame.h">
      <Filter>Файлы заголовков</Filter>
    </ClInclude>
    <ClInclude Include="Core\Main.h">
      <Filter>Файлы заголовков</Filter>
    </ClInclude>
    <ClInclude Include="Helpers\CVectorHelper.h">
      <Filter>Файлы заголовков</Filter>
    </ClInclude>
    <ClInclude Include="Systems\CCameraSystem.h">
      <Filter>Файлы заголовков</Filter>
    </ClInclude>
    <ClInclude Include="Systems\CCursorSystem.h">
      <Filter>Файлы заголовков</Filter>
    </ClInclude>
    <ClInclude Include="Helpers\CAssetsHelper.h">
      <Filter>Файлы заголовков</Filter>
    </ClInclude>
    <ClInclude Include="Enums\GameStates.h">
      <Filter>Файлы заголовков</Filter>
    </ClInclude>
    <ClInclude Include="Systems\CCollisionSystem.h">
      <Filter>Файлы заголовков</Filter>
    </ClInclude>
    <ClInclude Include="Components\CCollisionComponent.h">
      <Filter>Файлы заголовков</Filter>
    </ClInclude>
    <ClInclude Include="Events\CCollisionEvent.h">
      <Filter>Файлы заголовков</Filter>
    </ClInclude>
    <ClInclude Include="Components\CPlayerComponent.h">
      <Filter>Файлы заголовков</Filter>
    </ClInclude>
    <ClInclude Include="Systems\CPlayerMovementSystem.h">
      <Filter>Файлы заголовков</Filter>
    </ClInclude>
    <ClInclude Include="Systems\CRenderingSystem.h">
      <Filter>Файлы заголовков</Filter>
    </ClInclude>
    <ClInclude Include="Components\CRenderingComponent.h">
      <Filter>Файлы заголовков</Filter>
    </ClInclude>
    <ClInclude Include="Components\CInputComponent.h">
      <Filter>Файлы заголовков</Filter>
    </ClInclude>
    <ClInclude Include="Components\CRotationComponent.h">
      <Filter>Файлы заголовков</Filter>
    </ClInclude>
    <ClInclude Include="Systems\CPlayerRotationSystem.h">
      <Filter>Файлы заголовков</Filter>
    </ClInclude>
    <ClInclude Include="Systems\CPlayerInputSystem.h">
      <Filter>Файлы заголовков</Filter>
    </ClInclude>
    <ClInclude Include="Systems\CPlayerEndpointMarkerSystem.h">
      <Filter>Файлы заголовков</Filter>
    </ClInclude>
    <ClInclude Include="Events\CMouseInputEvent.h">
      <Filter>Файлы заголовков</Filter>
    </ClInclude>
    <ClInclude Include="Components\CEndpointMarkerComponent.h">
      <Filter>Файлы заголовков</Filter>
    </ClInclude>
    <ClInclude Include="Systems\CMeteoriteSystem.h">
      <Filter>Файлы заголовков</Filter>
    </ClInclude>
    <ClInclude Include="Components\CMeteoriteComponent.h">
      <Filter>Файлы заголовков</Filter>
    </ClInclude>
    <ClInclude Include="Components\CCircleBorderComponent.h">
      <Filter>Файлы заголовков</Filter>
    </ClInclude>
    <ClInclude Include="Systems\CCircleBorderRenderingSystem.h">
      <Filter>Файлы заголовков</Filter>
    </ClInclude>
    <ClInclude Include="Components\CEnemyComponent.h">
      <Filter>Файлы заголовков</Filter>
    </ClInclude>
  </ItemGroup>
  <ItemGroup>
    <Image Include="Resources\Sprites\Player.png">
      <Filter>Файлы ресурсов</Filter>
    </Image>
    <Image Include="Resources\Textures\Background (dark).png">
      <Filter>Файлы ресурсов</Filter>
    </Image>
    <Image Include="Resources\Textures\Background (light).png">
      <Filter>Файлы ресурсов</Filter>
    </Image>
    <Image Include="Resources\Textures\Background (black).png">
      <Filter>Файлы ресурсов</Filter>
    </Image>
    <Image Include="Resources\Textures\Background (blue).png">
      <Filter>Файлы ресурсов</Filter>
    </Image>
    <Image Include="Resources\Sprites\Meteorite (big, gray).png">
      <Filter>Файлы ресурсов</Filter>
    </Image>
    <Image Include="Resources\Sprites\Meteorite (middle, gray).png">
      <Filter>Файлы ресурсов</Filter>
    </Image>
    <Image Include="Resources\Sprites\Meteorite (small, gray).png">
      <Filter>Файлы ресурсов</Filter>
    </Image>
    <Image Include="Resources\Sprites\Meteorite (big, brown).png">
      <Filter>Файлы ресурсов</Filter>
    </Image>
    <Image Include="Resources\Sprites\Meteorite (middle, brown).png">
      <Filter>Файлы ресурсов</Filter>
    </Image>
    <Image Include="Resources\Sprites\Meteorite (small, brown).png">
      <Filter>Файлы ресурсов</Filter>
    </Image>
    <Image Include="Resources\Sprites\Cursor %28crosshair%29.png">
      <Filter>Файлы ресурсов</Filter>
    </Image>
    <Image Include="Resources\Sprites\Cursor (ship).png">
      <Filter>Файлы ресурсов</Filter>
    </Image>
    <Image Include="Resources\Sprites\Meteorite (large, brown).png">
      <Filter>Файлы ресурсов</Filter>
    </Image>
    <Image Include="Resources\Sprites\Meteorite (large, gray).png">
      <Filter>Файлы ресурсов</Filter>
    </Image>
    <Image Include="Resources\Sprites\Enemy.png">
      <Filter>Файлы ресурсов</Filter>
    </Image>
    <Image Include="Resources\Sprites\Bullet.png">
      <Filter>Файлы ресурсов</Filter>
    </Image>
    <Image Include="Resources\Sprites\Marker %28endpoint%29.png">
      <Filter>Файлы ресурсов</Filter>
    </Image>
    <Image Include="Resources\Sprites\Cursor (crosshair, attack).png">
      <Filter>Файлы ресурсов</Filter>
    </Image>
    <Image Include="Resources\Sprites\Cursor (crosshair, intersect).png">
      <Filter>Файлы ресурсов</Filter>
    </Image>
  </ItemGroup>
</Project>