<?xml version="1.0" encoding="utf-8"?>
<Project ToolsVersion="4.0" xmlns="http://schemas.microsoft.com/developer/msbuild/2003">
  <ItemGroup>
    <Filter Include="Исходные файлы">
      <UniqueIdentifier>{4FC737F1-C7A5-4376-A066-2A32D752A2FF}</UniqueIdentifier>
      <Extensions>cpp;c;cc;cxx;def;odl;idl;hpj;bat;asm;asmx</Extensions>
    </Filter>
    <Filter Include="Файлы заголовков">
      <UniqueIdentifier>{93995380-89BD-4b04-88EB-625FBE52EBFB}</UniqueIdentifier>
      <Extensions>h;hh;hpp;hxx;hm;inl;inc;ipp;xsd</Extensions>
    </Filter>
    <Filter Include="Файлы ресурсов">
      <UniqueIdentifier>{67DA6AB6-F800-4c08-8B7A-83BB121AAD01}</UniqueIdentifier>
      <Extensions>rc;ico;cur;bmp;dlg;rc2;rct;bin;rgs;gif;jpg;jpeg;jpe;resx;tiff;tif;png;wav;mfcribbon-ms</Extensions>
    </Filter>
  </ItemGroup>
  <ItemGroup>
    <ClCompile Include="Components\CCameraComponent.cpp">
      <Filter>Исходные файлы</Filter>
    </ClCompile>
    <ClCompile Include="Core\CGame.cpp">
      <Filter>Исходные файлы</Filter>
    </ClCompile>
    <ClCompile Include="Core\Main.cpp">
      <Filter>Исходные файлы</Filter>
    </ClCompile>
    <ClCompile Include="Helpers\CVectorHelper.cpp">
      <Filter>Исходные файлы</Filter>
    </ClCompile>
    <ClCompile Include="Systems\CCameraSystem.cpp">
      <Filter>Исходные файлы</Filter>
    </ClCompile>
    <ClCompile Include="Systems\CCursorSystem.cpp">
      <Filter>Исходные файлы</Filter>
    </ClCompile>
    <ClCompile Include="Helpers\CAssetsHelper.cpp">
      <Filter>Исходные файлы</Filter>
    </ClCompile>
    <ClCompile Include="Enums\GameStates.cpp">
      <Filter>Исходные файлы</Filter>
    </ClCompile>
    <ClCompile Include="Events\CCollisionEvent.cpp">
      <Filter>Исходные файлы</Filter>
    </ClCompile>
    <ClCompile Include="Systems\CRenderingSystem.cpp">
      <Filter>Исходные файлы</Filter>
    </ClCompile>
    <ClCompile Include="Components\CRenderingComponent.cpp">
      <Filter>Исходные файлы</Filter>
    </ClCompile>
    <ClCompile Include="Enums\ObjectTypes.cpp">
      <Filter>Исходные файлы</Filter>
    </ClCompile>
    <ClCompile Include="Components\CTagComponent.cpp">
      <Filter>Исходные файлы</Filter>
    </ClCompile>
    <ClCompile Include="Components\CMovementComponent.cpp">
      <Filter>Исходные файлы</Filter>
    </ClCompile>
    <ClCompile Include="Events\CMouseHoverEvent.cpp">
      <Filter>Исходные файлы</Filter>
    </ClCompile>
    <ClCompile Include="Events\CGameStateChangedEvent.cpp">
      <Filter>Исходные файлы</Filter>
    </ClCompile>
    <ClCompile Include="Events\CSingleMouseInputEvent.cpp">
      <Filter>Исходные файлы</Filter>
    </ClCompile>
    <ClCompile Include="Events\CSingleKeyInputEvent.cpp">
      <Filter>Исходные файлы</Filter>
    </ClCompile>
    <ClCompile Include="Components\CWeaponComponent.cpp">
      <Filter>Исходные файлы</Filter>
    </ClCompile>
    <ClCompile Include="Systems\CBulletSystem.cpp">
      <Filter>Исходные файлы</Filter>
    </ClCompile>
    <ClCompile Include="Events\CLostVisibilityEvent.cpp">
      <Filter>Исходные файлы</Filter>
    </ClCompile>
    <ClCompile Include="Systems\CLostVisibilityTrackingSystem.cpp">
      <Filter>Исходные файлы</Filter>
    </ClCompile>
    <ClCompile Include="Systems\CCollisionTrackingSystem.cpp">
      <Filter>Исходные файлы</Filter>
    </ClCompile>
    <ClCompile Include="Systems\CMouseHoverTrackingSystem.cpp">
      <Filter>Исходные файлы</Filter>
    </ClCompile>
    <ClCompile Include="Interfaces\IObjectFactory.cpp">
      <Filter>Исходные файлы</Filter>
    </ClCompile>
    <ClCompile Include="Factories\CBulletFactory.cpp">
      <Filter>Исходные файлы</Filter>
    </ClCompile>
    <ClCompile Include="Systems\CShootingSystem.cpp">
      <Filter>Исходные файлы</Filter>
    </ClCompile>
    <ClCompile Include="Systems\CMovementSystem.cpp">
      <Filter>Исходные файлы</Filter>
    </ClCompile>
    <ClCompile Include="Components\CBulletMovementComponent.cpp">
      <Filter>Исходные файлы</Filter>
    </ClCompile>
    <ClCompile Include="Factories\CMapFactory.cpp">
      <Filter>Исходные файлы</Filter>
    </ClCompile>
    <ClCompile Include="Factories\CCameraFactory.cpp">
      <Filter>Исходные файлы</Filter>
    </ClCompile>
    <ClCompile Include="Factories\CPlayerFactory.cpp">
      <Filter>Исходные файлы</Filter>
    </ClCompile>
    <ClCompile Include="Events\CShotFiredEvent.cpp">
      <Filter>Исходные файлы</Filter>
    </ClCompile>
    <ClCompile Include="Extensions\Collision.cpp">
      <Filter>Исходные файлы</Filter>
    </ClCompile>
  </ItemGroup>
  <ItemGroup>
    <ClInclude Include="Components\CCameraComponent.h">
      <Filter>Файлы заголовков</Filter>
    </ClInclude>
    <ClInclude Include="Core\CGame.h">
      <Filter>Файлы заголовков</Filter>
    </ClInclude>
    <ClInclude Include="Core\Main.h">
      <Filter>Файлы заголовков</Filter>
    </ClInclude>
    <ClInclude Include="Helpers\CVectorHelper.h">
      <Filter>Файлы заголовков</Filter>
    </ClInclude>
    <ClInclude Include="Systems\CCameraSystem.h">
      <Filter>Файлы заголовков</Filter>
    </ClInclude>
    <ClInclude Include="Systems\CCursorSystem.h">
      <Filter>Файлы заголовков</Filter>
    </ClInclude>
    <ClInclude Include="Helpers\CAssetsHelper.h">
      <Filter>Файлы заголовков</Filter>
    </ClInclude>
    <ClInclude Include="Enums\GameStates.h">
      <Filter>Файлы заголовков</Filter>
    </ClInclude>
    <ClInclude Include="Events\CCollisionEvent.h">
      <Filter>Файлы заголовков</Filter>
    </ClInclude>
    <ClInclude Include="Systems\CRenderingSystem.h">
      <Filter>Файлы заголовков</Filter>
    </ClInclude>
    <ClInclude Include="Components\CRenderingComponent.h">
      <Filter>Файлы заголовков</Filter>
    </ClInclude>
    <ClInclude Include="Enums\ObjectTypes.h">
      <Filter>Файлы заголовков</Filter>
    </ClInclude>
    <ClInclude Include="Components\CTagComponent.h">
      <Filter>Файлы заголовков</Filter>
    </ClInclude>
    <ClInclude Include="Components\CMovementComponent.h">
      <Filter>Файлы заголовков</Filter>
    </ClInclude>
    <ClInclude Include="Events\CMouseHoverEvent.h">
      <Filter>Файлы заголовков</Filter>
    </ClInclude>
    <ClInclude Include="Events\CGameStateChangedEvent.h">
      <Filter>Файлы заголовков</Filter>
    </ClInclude>
    <ClInclude Include="Events\CSingleMouseInputEvent.h">
      <Filter>Файлы заголовков</Filter>
    </ClInclude>
    <ClInclude Include="Events\CSingleKeyInputEvent.h">
      <Filter>Файлы заголовков</Filter>
    </ClInclude>
    <ClInclude Include="Components\CWeaponComponent.h">
      <Filter>Файлы заголовков</Filter>
    </ClInclude>
    <ClInclude Include="Systems\CBulletSystem.h">
      <Filter>Файлы заголовков</Filter>
    </ClInclude>
    <ClInclude Include="Events\CLostVisibilityEvent.h">
      <Filter>Файлы заголовков</Filter>
    </ClInclude>
    <ClInclude Include="Systems\CLostVisibilityTrackingSystem.h">
      <Filter>Файлы заголовков</Filter>
    </ClInclude>
    <ClInclude Include="Systems\CCollisionTrackingSystem.h">
      <Filter>Файлы заголовков</Filter>
    </ClInclude>
    <ClInclude Include="Systems\CMouseHoverTrackingSystem.h">
      <Filter>Файлы заголовков</Filter>
    </ClInclude>
    <ClInclude Include="Interfaces\IObjectFactory.h">
      <Filter>Файлы заголовков</Filter>
    </ClInclude>
    <ClInclude Include="Factories\CBulletFactory.h">
      <Filter>Файлы заголовков</Filter>
    </ClInclude>
    <ClInclude Include="Systems\CShootingSystem.h">
      <Filter>Файлы заголовков</Filter>
    </ClInclude>
    <ClInclude Include="Systems\CMovementSystem.h">
      <Filter>Файлы заголовков</Filter>
    </ClInclude>
    <ClInclude Include="Components\CBulletMovementComponent.h">
      <Filter>Файлы заголовков</Filter>
    </ClInclude>
    <ClInclude Include="Factories\CMapFactory.h">
      <Filter>Файлы заголовков</Filter>
    </ClInclude>
    <ClInclude Include="Factories\CCameraFactory.h">
      <Filter>Файлы заголовков</Filter>
    </ClInclude>
    <ClInclude Include="Factories\CPlayerFactory.h">
      <Filter>Файлы заголовков</Filter>
    </ClInclude>
    <ClInclude Include="Events\CShotFiredEvent.h">
      <Filter>Файлы заголовков</Filter>
    </ClInclude>
    <ClInclude Include="Extensions\Collision.h">
      <Filter>Файлы заголовков</Filter>
    </ClInclude>
  </ItemGroup>
  <ItemGroup>
    <Image Include="Resources\Sprites\Player.png">
      <Filter>Файлы ресурсов</Filter>
    </Image>
    <Image Include="Resources\Textures\Background (dark).png">
      <Filter>Файлы ресурсов</Filter>
    </Image>
    <Image Include="Resources\Textures\Background (light).png">
      <Filter>Файлы ресурсов</Filter>
    </Image>
    <Image Include="Resources\Textures\Background (black).png">
      <Filter>Файлы ресурсов</Filter>
    </Image>
    <Image Include="Resources\Textures\Background (blue).png">
      <Filter>Файлы ресурсов</Filter>
    </Image>
    <Image Include="Resources\Sprites\Meteorite (big, gray).png">
      <Filter>Файлы ресурсов</Filter>
    </Image>
    <Image Include="Resources\Sprites\Meteorite (middle, gray).png">
      <Filter>Файлы ресурсов</Filter>
    </Image>
    <Image Include="Resources\Sprites\Meteorite (small, gray).png">
      <Filter>Файлы ресурсов</Filter>
    </Image>
    <Image Include="Resources\Sprites\Meteorite (big, brown).png">
      <Filter>Файлы ресурсов</Filter>
    </Image>
    <Image Include="Resources\Sprites\Meteorite (middle, brown).png">
      <Filter>Файлы ресурсов</Filter>
    </Image>
    <Image Include="Resources\Sprites\Meteorite (small, brown).png">
      <Filter>Файлы ресурсов</Filter>
    </Image>
    <Image Include="Resources\Sprites\Cursor %28crosshair%29.png">
      <Filter>Файлы ресурсов</Filter>
    </Image>
    <Image Include="Resources\Sprites\Cursor (ship).png">
      <Filter>Файлы ресурсов</Filter>
    </Image>
    <Image Include="Resources\Sprites\Meteorite (large, brown).png">
      <Filter>Файлы ресурсов</Filter>
    </Image>
    <Image Include="Resources\Sprites\Meteorite (large, gray).png">
      <Filter>Файлы ресурсов</Filter>
    </Image>
    <Image Include="Resources\Sprites\Enemy.png">
      <Filter>Файлы ресурсов</Filter>
    </Image>
    <Image Include="Resources\Sprites\Marker %28endpoint%29.png">
      <Filter>Файлы ресурсов</Filter>
    </Image>
    <Image Include="Resources\Sprites\Cursor (crosshair, attack).png">
      <Filter>Файлы ресурсов</Filter>
    </Image>
    <Image Include="Resources\Sprites\Cursor %28crosshair, hover%29.png">
      <Filter>Файлы ресурсов</Filter>
    </Image>
    <Image Include="Resources\Sprites\Bullet (blue).png">
      <Filter>Файлы ресурсов</Filter>
    </Image>
    <Image Include="Resources\Sprites\Bullet (red).png">
      <Filter>Файлы ресурсов</Filter>
    </Image>
  </ItemGroup>
</Project>